
Microsoft Visual Studio Solution File, Format Version 12.00
# Visual Studio Version 16
VisualStudioVersion = 16.0.29319.158
MinimumVisualStudioVersion = 10.0.40219.1
Project("{FAE04EC0-301F-11D3-BF4B-00C04F79EFBC}") = "ClusteringDesktopApp", "ClusteringDesktopApp\ClusteringDesktopApp.csproj", "{80A778C8-8F47-4AA8-B991-AA6BAF2F9F66}"
EndProject
Project("{9A19103F-16F7-4668-BE54-9A1E7A4F7556}") = "ClusteringAlgorithmLibrary", "ClusteringalgorithmLibrary\ClusteringAlgorithmLibrary.csproj", "{50232CA5-E534-4640-B3AE-E174D055DB0A}"
EndProject
Global
	GlobalSection(SolutionConfigurationPlatforms) = preSolution
		Debug|Any CPU = Debug|Any CPU
		Debug|ARM = Debug|ARM
		Debug|ARM64 = Debug|ARM64
		Debug|x64 = Debug|x64
		Debug|x86 = Debug|x86
		Release|Any CPU = Release|Any CPU
		Release|ARM = Release|ARM
		Release|ARM64 = Release|ARM64
		Release|x64 = Release|x64
		Release|x86 = Release|x86
	EndGlobalSection
	GlobalSection(ProjectConfigurationPlatforms) = postSolution
		{80A778C8-8F47-4AA8-B991-AA6BAF2F9F66}.Debug|Any CPU.ActiveCfg = Debug|Any CPU
		{80A778C8-8F47-4AA8-B991-AA6BAF2F9F66}.Debug|Any CPU.Build.0 = Debug|Any CPU
		{80A778C8-8F47-4AA8-B991-AA6BAF2F9F66}.Debug|ARM.ActiveCfg = Debug|Any CPU
		{80A778C8-8F47-4AA8-B991-AA6BAF2F9F66}.Debug|ARM.Build.0 = Debug|Any CPU
		{80A778C8-8F47-4AA8-B991-AA6BAF2F9F66}.Debug|ARM64.ActiveCfg = Debug|Any CPU
		{80A778C8-8F47-4AA8-B991-AA6BAF2F9F66}.Debug|ARM64.Build.0 = Debug|Any CPU
		{80A778C8-8F47-4AA8-B991-AA6BAF2F9F66}.Debug|x64.ActiveCfg = Debug|Any CPU
		{80A778C8-8F47-4AA8-B991-AA6BAF2F9F66}.Debug|x64.Build.0 = Debug|Any CPU
		{80A778C8-8F47-4AA8-B991-AA6BAF2F9F66}.Debug|x86.ActiveCfg = Debug|Any CPU
		{80A778C8-8F47-4AA8-B991-AA6BAF2F9F66}.Debug|x86.Build.0 = Debug|Any CPU
		{80A778C8-8F47-4AA8-B991-AA6BAF2F9F66}.Release|Any CPU.ActiveCfg = Release|Any CPU
		{80A778C8-8F47-4AA8-B991-AA6BAF2F9F66}.Release|Any CPU.Build.0 = Release|Any CPU
		{80A778C8-8F47-4AA8-B991-AA6BAF2F9F66}.Release|ARM.ActiveCfg = Release|Any CPU
		{80A778C8-8F47-4AA8-B991-AA6BAF2F9F66}.Release|ARM.Build.0 = Release|Any CPU
		{80A778C8-8F47-4AA8-B991-AA6BAF2F9F66}.Release|ARM64.ActiveCfg = Release|Any CPU
		{80A778C8-8F47-4AA8-B991-AA6BAF2F9F66}.Release|ARM64.Build.0 = Release|Any CPU
		{80A778C8-8F47-4AA8-B991-AA6BAF2F9F66}.Release|x64.ActiveCfg = Release|Any CPU
		{80A778C8-8F47-4AA8-B991-AA6BAF2F9F66}.Release|x64.Build.0 = Release|Any CPU
		{80A778C8-8F47-4AA8-B991-AA6BAF2F9F66}.Release|x86.ActiveCfg = Release|Any CPU
		{80A778C8-8F47-4AA8-B991-AA6BAF2F9F66}.Release|x86.Build.0 = Release|Any CPU
		{50232CA5-E534-4640-B3AE-E174D055DB0A}.Debug|Any CPU.ActiveCfg = Debug|Any CPU
		{50232CA5-E534-4640-B3AE-E174D055DB0A}.Debug|Any CPU.Build.0 = Debug|Any CPU
		{50232CA5-E534-4640-B3AE-E174D055DB0A}.Debug|ARM.ActiveCfg = Debug|Any CPU
		{50232CA5-E534-4640-B3AE-E174D055DB0A}.Debug|ARM.Build.0 = Debug|Any CPU
		{50232CA5-E534-4640-B3AE-E174D055DB0A}.Debug|ARM64.ActiveCfg = Debug|Any CPU
		{50232CA5-E534-4640-B3AE-E174D055DB0A}.Debug|ARM64.Build.0 = Debug|Any CPU
		{50232CA5-E534-4640-B3AE-E174D055DB0A}.Debug|x64.ActiveCfg = Debug|Any CPU
		{50232CA5-E534-4640-B3AE-E174D055DB0A}.Debug|x64.Build.0 = Debug|Any CPU
		{50232CA5-E534-4640-B3AE-E174D055DB0A}.Debug|x86.ActiveCfg = Debug|Any CPU
		{50232CA5-E534-4640-B3AE-E174D055DB0A}.Debug|x86.Build.0 = Debug|Any CPU
		{50232CA5-E534-4640-B3AE-E174D055DB0A}.Release|Any CPU.ActiveCfg = Release|Any CPU
		{50232CA5-E534-4640-B3AE-E174D055DB0A}.Release|Any CPU.Build.0 = Release|Any CPU
		{50232CA5-E534-4640-B3AE-E174D055DB0A}.Release|ARM.ActiveCfg = Release|Any CPU
		{50232CA5-E534-4640-B3AE-E174D055DB0A}.Release|ARM.Build.0 = Release|Any CPU
		{50232CA5-E534-4640-B3AE-E174D055DB0A}.Release|ARM64.ActiveCfg = Release|Any CPU
		{50232CA5-E534-4640-B3AE-E174D055DB0A}.Release|ARM64.Build.0 = Release|Any CPU
		{50232CA5-E534-4640-B3AE-E174D055DB0A}.Release|x64.ActiveCfg = Release|Any CPU
		{50232CA5-E534-4640-B3AE-E174D055DB0A}.Release|x64.Build.0 = Release|Any CPU
		{50232CA5-E534-4640-B3AE-E174D055DB0A}.Release|x86.ActiveCfg = Release|Any CPU
		{50232CA5-E534-4640-B3AE-E174D055DB0A}.Release|x86.Build.0 = Release|Any CPU
	EndGlobalSection
	GlobalSection(SolutionProperties) = preSolution
		HideSolutionNode = FALSE
	EndGlobalSection
	GlobalSection(ExtensibilityGlobals) = postSolution
		SolutionGuid = {75751991-EFB9-4CC0-A6DA-5C97B5B77976}
	EndGlobalSection
EndGlobal
